// !$*UTF8*$!
{
	archiveVersion = 1;
	classes = {
	};
	objectVersion = 48;
	objects = {

/* Begin PBXBuildFile section */
		4BA756D21F4F1A3B005AEE22 /* AppDelegate.swift in Sources */ = {isa = PBXBuildFile; fileRef = 4BA756D11F4F1A3B005AEE22 /* AppDelegate.swift */; };
		4BA756D41F4F1A3B005AEE22 /* ViewController.swift in Sources */ = {isa = PBXBuildFile; fileRef = 4BA756D31F4F1A3B005AEE22 /* ViewController.swift */; };
		4BA756D71F4F1A3B005AEE22 /* Main.storyboard in Resources */ = {isa = PBXBuildFile; fileRef = 4BA756D51F4F1A3B005AEE22 /* Main.storyboard */; };
		4BA756D91F4F1A3B005AEE22 /* Assets.xcassets in Resources */ = {isa = PBXBuildFile; fileRef = 4BA756D81F4F1A3B005AEE22 /* Assets.xcassets */; };
		4BA756DC1F4F1A3B005AEE22 /* LaunchScreen.storyboard in Resources */ = {isa = PBXBuildFile; fileRef = 4BA756DA1F4F1A3B005AEE22 /* LaunchScreen.storyboard */; };
		4BA756E71F4F1A3B005AEE22 /* JSONParsingTests.swift in Sources */ = {isa = PBXBuildFile; fileRef = 4BA756E61F4F1A3B005AEE22 /* JSONParsingTests.swift */; };
/* End PBXBuildFile section */

/* Begin PBXContainerItemProxy section */
		4BA756E31F4F1A3B005AEE22 /* PBXContainerItemProxy */ = {
			isa = PBXContainerItemProxy;
			containerPortal = 4BA756C61F4F1A3B005AEE22 /* Project object */;
			proxyType = 1;
			remoteGlobalIDString = 4BA756CD1F4F1A3B005AEE22;
			remoteInfo = JSONParsing;
		};
/* End PBXContainerItemProxy section */

/* Begin PBXFileReference section */
		4BA756CE1F4F1A3B005AEE22 /* JSONParsing.app */ = {isa = PBXFileReference; explicitFileType = wrapper.application; includeInIndex = 0; path = JSONParsing.app; sourceTree = BUILT_PRODUCTS_DIR; };
		4BA756D11F4F1A3B005AEE22 /* AppDelegate.swift */ = {isa = PBXFileReference; lastKnownFileType = sourcecode.swift; path = AppDelegate.swift; sourceTree = "<group>"; };
		4BA756D31F4F1A3B005AEE22 /* ViewController.swift */ = {isa = PBXFileReference; lastKnownFileType = sourcecode.swift; path = ViewController.swift; sourceTree = "<group>"; };
		4BA756D61F4F1A3B005AEE22 /* Base */ = {isa = PBXFileReference; lastKnownFileType = file.storyboard; name = Base; path = Base.lproj/Main.storyboard; sourceTree = "<group>"; };
		4BA756D81F4F1A3B005AEE22 /* Assets.xcassets */ = {isa = PBXFileReference; lastKnownFileType = folder.assetcatalog; path = Assets.xcassets; sourceTree = "<group>"; };
		4BA756DB1F4F1A3B005AEE22 /* Base */ = {isa = PBXFileReference; lastKnownFileType = file.storyboard; name = Base; path = Base.lproj/LaunchScreen.storyboard; sourceTree = "<group>"; };
		4BA756DD1F4F1A3B005AEE22 /* Info.plist */ = {isa = PBXFileReference; lastKnownFileType = text.plist.xml; path = Info.plist; sourceTree = "<group>"; };
		4BA756E21F4F1A3B005AEE22 /* JSONParsingTests.xctest */ = {isa = PBXFileReference; explicitFileType = wrapper.cfbundle; includeInIndex = 0; path = JSONParsingTests.xctest; sourceTree = BUILT_PRODUCTS_DIR; };
		4BA756E61F4F1A3B005AEE22 /* JSONParsingTests.swift */ = {isa = PBXFileReference; lastKnownFileType = sourcecode.swift; path = JSONParsingTests.swift; sourceTree = "<group>"; };
		4BA756E81F4F1A3B005AEE22 /* Info.plist */ = {isa = PBXFileReference; lastKnownFileType = text.plist.xml; path = Info.plist; sourceTree = "<group>"; };
/* End PBXFileReference section */

/* Begin PBXFrameworksBuildPhase section */
		4BA756CB1F4F1A3B005AEE22 /* Frameworks */ = {
			isa = PBXFrameworksBuildPhase;
			buildActionMask = 2147483647;
			files = (
			);
			runOnlyForDeploymentPostprocessing = 0;
		};
		4BA756DF1F4F1A3B005AEE22 /* Frameworks */ = {
			isa = PBXFrameworksBuildPhase;
			buildActionMask = 2147483647;
			files = (
			);
			runOnlyForDeploymentPostprocessing = 0;
		};
/* End PBXFrameworksBuildPhase section */

/* Begin PBXGroup section */
		4BA756C51F4F1A3B005AEE22 = {
			isa = PBXGroup;
			children = (
				4BA756D01F4F1A3B005AEE22 /* JSONParsing */,
				4BA756E51F4F1A3B005AEE22 /* JSONParsingTests */,
				4BA756CF1F4F1A3B005AEE22 /* Products */,
			);
			sourceTree = "<group>";
		};
		4BA756CF1F4F1A3B005AEE22 /* Products */ = {
			isa = PBXGroup;
			children = (
				4BA756CE1F4F1A3B005AEE22 /* JSONParsing.app */,
				4BA756E21F4F1A3B005AEE22 /* JSONParsingTests.xctest */,
			);
			name = Products;
			sourceTree = "<group>";
		};
		4BA756D01F4F1A3B005AEE22 /* JSONParsing */ = {
			isa = PBXGroup;
			children = (
				4BA756D11F4F1A3B005AEE22 /* AppDelegate.swift */,
				4BA756D31F4F1A3B005AEE22 /* ViewController.swift */,
				4BA756D51F4F1A3B005AEE22 /* Main.storyboard */,
				4BA756D81F4F1A3B005AEE22 /* Assets.xcassets */,
				4BA756DA1F4F1A3B005AEE22 /* LaunchScreen.storyboard */,
				4BA756DD1F4F1A3B005AEE22 /* Info.plist */,
			);
			path = JSONParsing;
			sourceTree = "<group>";
		};
		4BA756E51F4F1A3B005AEE22 /* JSONParsingTests */ = {
			isa = PBXGroup;
			children = (
				4BA756E61F4F1A3B005AEE22 /* JSONParsingTests.swift */,
				4BA756E81F4F1A3B005AEE22 /* Info.plist */,
			);
			path = JSONParsingTests;
			sourceTree = "<group>";
		};
/* End PBXGroup section */

/* Begin PBXNativeTarget section */
		4BA756CD1F4F1A3B005AEE22 /* JSONParsing */ = {
			isa = PBXNativeTarget;
			buildConfigurationList = 4BA756EB1F4F1A3B005AEE22 /* Build configuration list for PBXNativeTarget "JSONParsing" */;
			buildPhases = (
				4BA756CA1F4F1A3B005AEE22 /* Sources */,
				4BA756CB1F4F1A3B005AEE22 /* Frameworks */,
				4BA756CC1F4F1A3B005AEE22 /* Resources */,
			);
			buildRules = (
			);
			dependencies = (
			);
			name = JSONParsing;
			productName = JSONParsing;
			productReference = 4BA756CE1F4F1A3B005AEE22 /* JSONParsing.app */;
			productType = "com.apple.product-type.application";
		};
		4BA756E11F4F1A3B005AEE22 /* JSONParsingTests */ = {
			isa = PBXNativeTarget;
			buildConfigurationList = 4BA756EE1F4F1A3B005AEE22 /* Build configuration list for PBXNativeTarget "JSONParsingTests" */;
			buildPhases = (
				4BA756DE1F4F1A3B005AEE22 /* Sources */,
				4BA756DF1F4F1A3B005AEE22 /* Frameworks */,
				4BA756E01F4F1A3B005AEE22 /* Resources */,
			);
			buildRules = (
			);
			dependencies = (
				4BA756E41F4F1A3B005AEE22 /* PBXTargetDependency */,
			);
			name = JSONParsingTests;
			productName = JSONParsingTests;
			productReference = 4BA756E21F4F1A3B005AEE22 /* JSONParsingTests.xctest */;
			productType = "com.apple.product-type.bundle.unit-test";
		};
/* End PBXNativeTarget section */

/* Begin PBXProject section */
		4BA756C61F4F1A3B005AEE22 /* Project object */ = {
			isa = PBXProject;
			attributes = {
				LastSwiftUpdateCheck = 0900;
				LastUpgradeCheck = 0900;
				ORGANIZATIONNAME = "Anil Upadhyay";
				TargetAttributes = {
					4BA756CD1F4F1A3B005AEE22 = {
						CreatedOnToolsVersion = 9.0;
					};
					4BA756E11F4F1A3B005AEE22 = {
						CreatedOnToolsVersion = 9.0;
						TestTargetID = 4BA756CD1F4F1A3B005AEE22;
					};
				};
			};
			buildConfigurationList = 4BA756C91F4F1A3B005AEE22 /* Build configuration list for PBXProject "JSONParsing" */;
			compatibilityVersion = "Xcode 8.0";
			developmentRegion = en;
			hasScannedForEncodings = 0;
			knownRegions = (
				en,
				Base,
			);
			mainGroup = 4BA756C51F4F1A3B005AEE22;
			productRefGroup = 4BA756CF1F4F1A3B005AEE22 /* Products */;
			projectDirPath = "";
			projectRoot = "";
			targets = (
				4BA756CD1F4F1A3B005AEE22 /* JSONParsing */,
				4BA756E11F4F1A3B005AEE22 /* JSONParsingTests */,
			);
		};
/* End PBXProject section */

/* Begin PBXResourcesBuildPhase section */
		4BA756CC1F4F1A3B005AEE22 /* Resources */ = {
			isa = PBXResourcesBuildPhase;
			buildActionMask = 2147483647;
			files = (
				4BA756DC1F4F1A3B005AEE22 /* LaunchScreen.storyboard in Resources */,
				4BA756D91F4F1A3B005AEE22 /* Assets.xcassets in Resources */,
				4BA756D71F4F1A3B005AEE22 /* Main.storyboard in Resources */,
			);
			runOnlyForDeploymentPostprocessing = 0;
		};
		4BA756E01F4F1A3B005AEE22 /* Resources */ = {
			isa = PBXResourcesBuildPhase;
			buildActionMask = 2147483647;
			files = (
			);
			runOnlyForDeploymentPostprocessing = 0;
		};
/* End PBXResourcesBuildPhase section */

/* Begin PBXSourcesBuildPhase section */
		4BA756CA1F4F1A3B005AEE22 /* Sources */ = {
			isa = PBXSourcesBuildPhase;
			buildActionMask = 2147483647;
			files = (
				4BA756D41F4F1A3B005AEE22 /* ViewController.swift in Sources */,
				4BA756D21F4F1A3B005AEE22 /* AppDelegate.swift in Sources */,
			);
			runOnlyForDeploymentPostprocessing = 0;
		};
		4BA756DE1F4F1A3B005AEE22 /* Sources */ = {
			isa = PBXSourcesBuildPhase;
			buildActionMask = 2147483647;
			files = (
				4BA756E71F4F1A3B005AEE22 /* JSONParsingTests.swift in Sources */,
			);
			runOnlyForDeploymentPostprocessing = 0;
		};
/* End PBXSourcesBuildPhase section */

/* Begin PBXTargetDependency section */
		4BA756E41F4F1A3B005AEE22 /* PBXTargetDependency */ = {
			isa = PBXTargetDependency;
			target = 4BA756CD1F4F1A3B005AEE22 /* JSONParsing */;
			targetProxy = 4BA756E31F4F1A3B005AEE22 /* PBXContainerItemProxy */;
		};
/* End PBXTargetDependency section */

/* Begin PBXVariantGroup section */
		4BA756D51F4F1A3B005AEE22 /* Main.storyboard */ = {
			isa = PBXVariantGroup;
			children = (
				4BA756D61F4F1A3B005AEE22 /* Base */,
			);
			name = Main.storyboard;
			sourceTree = "<group>";
		};
		4BA756DA1F4F1A3B005AEE22 /* LaunchScreen.storyboard */ = {
			isa = PBXVariantGroup;
			children = (
				4BA756DB1F4F1A3B005AEE22 /* Base */,
			);
			name = LaunchScreen.storyboard;
			sourceTree = "<group>";
		};
/* End PBXVariantGroup section */

/* Begin XCBuildConfiguration section */
		4BA756E91F4F1A3B005AEE22 /* Debug */ = {
			isa = XCBuildConfiguration;
			buildSettings = {
				ALWAYS_SEARCH_USER_PATHS = NO;
				CLANG_ANALYZER_NONNULL = YES;
				CLANG_ANALYZER_NUMBER_OBJECT_CONVERSION = YES_AGGRESSIVE;
				CLANG_CXX_LANGUAGE_STANDARD = "gnu++14";
				CLANG_CXX_LIBRARY = "libc++";
				CLANG_ENABLE_MODULES = YES;
				CLANG_ENABLE_OBJC_ARC = YES;
				CLANG_WARN_BLOCK_CAPTURE_AUTORELEASING = YES;
				CLANG_WARN_BOOL_CONVERSION = YES;
				CLANG_WARN_COMMA = YES;
				CLANG_WARN_CONSTANT_CONVERSION = YES;
				CLANG_WARN_DIRECT_OBJC_ISA_USAGE = YES_ERROR;
				CLANG_WARN_DOCUMENTATION_COMMENTS = YES;
				CLANG_WARN_EMPTY_BODY = YES;
				CLANG_WARN_ENUM_CONVERSION = YES;
				CLANG_WARN_INFINITE_RECURSION = YES;
				CLANG_WARN_INT_CONVERSION = YES;
				CLANG_WARN_NON_LITERAL_NULL_CONVERSION = YES;
				CLANG_WARN_OBJC_LITERAL_CONVERSION = YES;
				CLANG_WARN_OBJC_ROOT_CLASS = YES_ERROR;
				CLANG_WARN_RANGE_LOOP_ANALYSIS = YES;
				CLANG_WARN_STRICT_PROTOTYPES = YES;
				CLANG_WARN_SUSPICIOUS_MOVE = YES;
				CLANG_WARN_UNGUARDED_AVAILABILITY = YES_AGGRESSIVE;
				CLANG_WARN_UNREACHABLE_CODE = YES;
				CLANG_WARN__DUPLICATE_METHOD_MATCH = YES;
				CODE_SIGN_IDENTITY = "iPhone Developer";
				COPY_PHASE_STRIP = NO;
				DEBUG_INFORMATION_FORMAT = dwarf;
				ENABLE_STRICT_OBJC_MSGSEND = YES;
				ENABLE_TESTABILITY = YES;
				GCC_C_LANGUAGE_STANDARD = gnu11;
				GCC_DYNAMIC_NO_PIC = NO;
				GCC_NO_COMMON_BLOCKS = YES;
				GCC_OPTIMIZATION_LEVEL = 0;
				GCC_PREPROCESSOR_DEFINITIONS = (
					"DEBUG=1",
					"$(inherited)",
				);
				GCC_WARN_64_TO_32_BIT_CONVERSION = YES;
				GCC_WARN_ABOUT_RETURN_TYPE = YES_ERROR;
				GCC_WARN_UNDECLARED_SELECTOR = YES;
				GCC_WARN_UNINITIALIZED_AUTOS = YES_AGGRESSIVE;
				GCC_WARN_UNUSED_FUNCTION = YES;
				GCC_WARN_UNUSED_VARIABLE = YES;
				IPHONEOS_DEPLOYMENT_TARGET = 11.0;
				MTL_ENABLE_DEBUG_INFO = YES;
				ONLY_ACTIVE_ARCH = YES;
				SDKROOT = iphoneos;
				SWIFT_ACTIVE_COMPILATION_CONDITIONS = DEBUG;
				SWIFT_OPTIMIZATION_LEVEL = "-Onone";
			};
			name = Debug;
		};
		4BA756EA1F4F1A3B005AEE22 /* Release */ = {
			isa = XCBuildConfiguration;
			buildSettings = {
				ALWAYS_SEARCH_USER_PATHS = NO;
				CLANG_ANALYZER_NONNULL = YES;
				CLANG_ANALYZER_NUMBER_OBJECT_CONVERSION = YES_AGGRESSIVE;
				CLANG_CXX_LANGUAGE_STANDARD = "gnu++14";
				CLANG_CXX_LIBRARY = "libc++";
				CLANG_ENABLE_MODULES = YES;
				CLANG_ENABLE_OBJC_ARC = YES;
				CLANG_WARN_BLOCK_CAPTURE_AUTORELEASING = YES;
				CLANG_WARN_BOOL_CONVERSION = YES;
				CLANG_WARN_COMMA = YES;
				CLANG_WARN_CONSTANT_CONVERSION = YES;
				CLANG_WARN_DIRECT_OBJC_ISA_USAGE = YES_ERROR;
				CLANG_WARN_DOCUMENTATION_COMMENTS = YES;
				CLANG_WARN_EMPTY_BODY = YES;
				CLANG_WARN_ENUM_CONVERSION = YES;
				CLANG_WARN_INFINITE_RECURSION = YES;
				CLANG_WARN_INT_CONVERSION = YES;
				CLANG_WARN_NON_LITERAL_NULL_CONVERSION = YES;
				CLANG_WARN_OBJC_LITERAL_CONVERSION = YES;
				CLANG_WARN_OBJC_ROOT_CLASS = YES_ERROR;
				CLANG_WARN_RANGE_LOOP_ANALYSIS = YES;
				CLANG_WARN_STRICT_PROTOTYPES = YES;
				CLANG_WARN_SUSPICIOUS_MOVE = YES;
				CLANG_WARN_UNGUARDED_AVAILABILITY = YES_AGGRESSIVE;
				CLANG_WARN_UNREACHABLE_CODE = YES;
				CLANG_WARN__DUPLICATE_METHOD_MATCH = YES;
				CODE_SIGN_IDENTITY = "iPhone Developer";
				COPY_PHASE_STRIP = NO;
				DEBUG_INFORMATION_FORMAT = "dwarf-with-dsym";
				ENABLE_NS_ASSERTIONS = NO;
				ENABLE_STRICT_OBJC_MSGSEND = YES;
				GCC_C_LANGUAGE_STANDARD = gnu11;
				GCC_NO_COMMON_BLOCKS = YES;
				GCC_WARN_64_TO_32_BIT_CONVERSION = YES;
				GCC_WARN_ABOUT_RETURN_TYPE = YES_ERROR;
				GCC_WARN_UNDECLARED_SELECTOR = YES;
				GCC_WARN_UNINITIALIZED_AUTOS = YES_AGGRESSIVE;
				GCC_WARN_UNUSED_FUNCTION = YES;
				GCC_WARN_UNUSED_VARIABLE = YES;
				IPHONEOS_DEPLOYMENT_TARGET = 11.0;
				MTL_ENABLE_DEBUG_INFO = NO;
				SDKROOT = iphoneos;
				SWIFT_OPTIMIZATION_LEVEL = "-Owholemodule";
				VALIDATE_PRODUCT = YES;
			};
			name = Release;
		};
		4BA756EC1F4F1A3B005AEE22 /* Debug */ = {
			isa = XCBuildConfiguration;
			buildSettings = {
				ASSETCATALOG_COMPILER_APPICON_NAME = AppIcon;
				INFOPLIST_FILE = JSONParsing/Info.plist;
				LD_RUNPATH_SEARCH_PATHS = "$(inherited) @executable_path/Frameworks";
				PRODUCT_BUNDLE_IDENTIFIER = com.companyname.JSONParsing;
				PRODUCT_NAME = "$(TARGET_NAME)";
				SWIFT_VERSION = 4.0;
				TARGETED_DEVICE_FAMILY = "1,2";
			};
			name = Debug;
		};
		4BA756ED1F4F1A3B005AEE22 /* Release */ = {
			isa = XCBuildConfiguration;
			buildSettings = {
				ASSETCATALOG_COMPILER_APPICON_NAME = AppIcon;
				INFOPLIST_FILE = JSONParsing/Info.plist;
				LD_RUNPATH_SEARCH_PATHS = "$(inherited) @executable_path/Frameworks";
				PRODUCT_BUNDLE_IDENTIFIER = com.companyname.JSONParsing;
				PRODUCT_NAME = "$(TARGET_NAME)";
				SWIFT_VERSION = 4.0;
				TARGETED_DEVICE_FAMILY = "1,2";
			};
			name = Release;
		};
		4BA756EF1F4F1A3B005AEE22 /* Debug */ = {
			isa = XCBuildConfiguration;
			buildSettings = {
				ALWAYS_EMBED_SWIFT_STANDARD_LIBRARIES = YES;
				BUNDLE_LOADER = "$(TEST_HOST)";
				INFOPLIST_FILE = JSONParsingTests/Info.plist;
				LD_RUNPATH_SEARCH_PATHS = "$(inherited) @executable_path/Frameworks @loader_path/Frameworks";
				PRODUCT_BUNDLE_IDENTIFIER = com.companyname.JSONParsingTests;
				PRODUCT_NAME = "$(TARGET_NAME)";
				SWIFT_VERSION = 4.0;
				TARGETED_DEVICE_FAMILY = "1,2";
				TEST_HOST = "$(BUILT_PRODUCTS_DIR)/JSONParsing.app/JSONParsing";
			};
			name = Debug;
		};
		4BA756F01F4F1A3B005AEE22 /* Release */ = {
			isa = XCBuildConfiguration;
			buildSettings = {
				ALWAYS_EMBED_SWIFT_STANDARD_LIBRARIES = YES;
				BUNDLE_LOADER = "$(TEST_HOST)";
				INFOPLIST_FILE = JSONParsingTests/Info.plist;
				LD_RUNPATH_SEARCH_PATHS = "$(inherited) @executable_path/Frameworks @loader_path/Frameworks";
				PRODUCT_BUNDLE_IDENTIFIER = com.companyname.JSONParsingTests;
				PRODUCT_NAME = "$(TARGET_NAME)";
				SWIFT_VERSION = 4.0;
				TARGETED_DEVICE_FAMILY = "1,2";
				TEST_HOST = "$(BUILT_PRODUCTS_DIR)/JSONParsing.app/JSONParsing";
			};
			name = Release;
		};
/* End XCBuildConfiguration section */

/* Begin XCConfigurationList section */
		4BA756C91F4F1A3B005AEE22 /* Build configuration list for PBXProject "JSONParsing" */ = {
			isa = XCConfigurationList;
			buildConfigurations = (
				4BA756E91F4F1A3B005AEE22 /* Debug */,
				4BA756EA1F4F1A3B005AEE22 /* Release */,
			);
			defaultConfigurationIsVisible = 0;
			defaultConfigurationName = Release;
		};
		4BA756EB1F4F1A3B005AEE22 /* Build configuration list for PBXNativeTarget "JSONParsing" */ = {
			isa = XCConfigurationList;
			buildConfigurations = (
				4BA756EC1F4F1A3B005AEE22 /* Debug */,
				4BA756ED1F4F1A3B005AEE22 /* Release */,
			);
			defaultConfigurationIsVisible = 0;
			defaultConfigurationName = Release;
		};
		4BA756EE1F4F1A3B005AEE22 /* Build configuration list for PBXNativeTarget "JSONParsingTests" */ = {
			isa = XCConfigurationList;
			buildConfigurations = (
				4BA756EF1F4F1A3B005AEE22 /* Debug */,
				4BA756F01F4F1A3B005AEE22 /* Release */,
			);
			defaultConfigurationIsVisible = 0;
			defaultConfigurationName = Release;
		};
/* End XCConfigurationList section */
	};
	rootObject = 4BA756C61F4F1A3B005AEE22 /* Project object */;
}
